
Microsoft Visual Studio Solution File, Format Version 12.00
# Visual Studio Version 17
VisualStudioVersion = 17.3.32922.545
MinimumVisualStudioVersion = 10.0.40219.1
Project("{FAE04EC0-301F-11D3-BF4B-00C04F79EFBC}") = "assignment", "assignment\assignment.csproj", "{9A230937-2DDF-47A6-B47B-9531ED63ABFF}"
EndProject
Global
	GlobalSection(SolutionConfigurationPlatforms) = preSolution
		Debug|Any CPU = Debug|Any CPU
		Release|Any CPU = Release|Any CPU
	EndGlobalSection
	GlobalSection(ProjectConfigurationPlatforms) = postSolution
		{9A230937-2DDF-47A6-B47B-9531ED63ABFF}.Debug|Any CPU.ActiveCfg = Debug|Any CPU
		{9A230937-2DDF-47A6-B47B-9531ED63ABFF}.Debug|Any CPU.Build.0 = Debug|Any CPU
		{9A230937-2DDF-47A6-B47B-9531ED63ABFF}.Release|Any CPU.ActiveCfg = Release|Any CPU
		{9A230937-2DDF-47A6-B47B-9531ED63ABFF}.Release|Any CPU.Build.0 = Release|Any CPU
	EndGlobalSection
	GlobalSection(SolutionProperties) = preSolution
		HideSolutionNode = FALSE
	EndGlobalSection
	GlobalSection(ExtensibilityGlobals) = postSolution
		SolutionGuid = {A4C6EE65-E52B-46E1-95A2-D76F40DF43C3}
	EndGlobalSection
EndGlobal
